// !$*UTF8*$!
{
	archiveVersion = 1;
	classes = {
	};
	objectVersion = 46;
	objects = {

/* Begin PBXBuildFile section */
		CC1042D71E5EEE2500AA4420 /* SlideMenuViewController.m in Sources */ = {isa = PBXBuildFile; fileRef = CC1042D61E5EEE2500AA4420 /* SlideMenuViewController.m */; };
		CC1042DB1E5F0A9800AA4420 /* MapKit.framework in Frameworks */ = {isa = PBXBuildFile; fileRef = CC1042DA1E5F0A9800AA4420 /* MapKit.framework */; };
		CC1042DE1E5F0AC500AA4420 /* MapViewController.m in Sources */ = {isa = PBXBuildFile; fileRef = CC1042DD1E5F0AC500AA4420 /* MapViewController.m */; };
		CC1042E11E5F187100AA4420 /* ShopOnMapModell.m in Sources */ = {isa = PBXBuildFile; fileRef = CC1042E01E5F187100AA4420 /* ShopOnMapModell.m */; };
		CC1042E31E5F321900AA4420 /* CoreLocation.framework in Frameworks */ = {isa = PBXBuildFile; fileRef = CC1042E21E5F321900AA4420 /* CoreLocation.framework */; };
		CC1042FA1E60687C00AA4420 /* SearchPopupViewController.m in Sources */ = {isa = PBXBuildFile; fileRef = CC1042F91E60687C00AA4420 /* SearchPopupViewController.m */; };
		CC1042FD1E60795700AA4420 /* SearchPassion.m in Sources */ = {isa = PBXBuildFile; fileRef = CC1042FC1E60795700AA4420 /* SearchPassion.m */; };
		CC14DADC1E534AFD005B8B2E /* IntrosTableViewCell.m in Sources */ = {isa = PBXBuildFile; fileRef = CC14DADB1E534AFD005B8B2E /* IntrosTableViewCell.m */; };
		CC14DADF1E534B12005B8B2E /* IntrosCellModel.m in Sources */ = {isa = PBXBuildFile; fileRef = CC14DADE1E534B12005B8B2E /* IntrosCellModel.m */; };
		CC14DAE21E534F64005B8B2E /* SingleCollectionViewCell.m in Sources */ = {isa = PBXBuildFile; fileRef = CC14DAE11E534F64005B8B2E /* SingleCollectionViewCell.m */; };
		CC14DAE81E5443CD005B8B2E /* MatchesCellModel.m in Sources */ = {isa = PBXBuildFile; fileRef = CC14DAE71E5443CD005B8B2E /* MatchesCellModel.m */; };
		CC14DAEB1E5443F8005B8B2E /* MatchesTableViewCell.m in Sources */ = {isa = PBXBuildFile; fileRef = CC14DAEA1E5443F8005B8B2E /* MatchesTableViewCell.m */; };
		CC1649B11E4C663200494989 /* main.m in Sources */ = {isa = PBXBuildFile; fileRef = CC1649B01E4C663200494989 /* main.m */; };
		CC1649B41E4C663200494989 /* AppDelegate.m in Sources */ = {isa = PBXBuildFile; fileRef = CC1649B31E4C663200494989 /* AppDelegate.m */; };
		CC1649BA1E4C663200494989 /* Main.storyboard in Resources */ = {isa = PBXBuildFile; fileRef = CC1649B81E4C663200494989 /* Main.storyboard */; };
		CC1649BC1E4C663200494989 /* Assets.xcassets in Resources */ = {isa = PBXBuildFile; fileRef = CC1649BB1E4C663200494989 /* Assets.xcassets */; };
		CC1649BF1E4C663200494989 /* LaunchScreen.storyboard in Resources */ = {isa = PBXBuildFile; fileRef = CC1649BD1E4C663200494989 /* LaunchScreen.storyboard */; };
		CC7BC06E1E683DBB0054F2E9 /* Constants.m in Sources */ = {isa = PBXBuildFile; fileRef = CC7BC06D1E683DBB0054F2E9 /* Constants.m */; };
		CC7E39E81E4CB582003D2B0D /* FeedbackViewController.m in Sources */ = {isa = PBXBuildFile; fileRef = CC7E39E71E4CB582003D2B0D /* FeedbackViewController.m */; };
		CC8649441E4DCB48008F671B /* PeoplesViewController.m in Sources */ = {isa = PBXBuildFile; fileRef = CC8649431E4DCB48008F671B /* PeoplesViewController.m */; };
		CC8649531E51A217008F671B /* SinglesCollectionViewController.m in Sources */ = {isa = PBXBuildFile; fileRef = CC8649521E51A217008F671B /* SinglesCollectionViewController.m */; };
		CC8649561E51A23E008F671B /* IntrosTableViewController.m in Sources */ = {isa = PBXBuildFile; fileRef = CC8649551E51A23E008F671B /* IntrosTableViewController.m */; };
		CC8649591E51A251008F671B /* MatchesTableViewController.m in Sources */ = {isa = PBXBuildFile; fileRef = CC8649581E51A251008F671B /* MatchesTableViewController.m */; };
		CC8AC65A1E64401B00FE7856 /* SearchedProducts.m in Sources */ = {isa = PBXBuildFile; fileRef = CC8AC6591E64401A00FE7856 /* SearchedProducts.m */; };
		CC8AC6601E64647D00FE7856 /* SearchedShops.m in Sources */ = {isa = PBXBuildFile; fileRef = CC8AC65F1E64647D00FE7856 /* SearchedShops.m */; };
		CCA0F19C1E5466510027FAE8 /* SANetworkManager.m in Sources */ = {isa = PBXBuildFile; fileRef = CCA0F19B1E5466510027FAE8 /* SANetworkManager.m */; };
		CCA0F19F1E5466640027FAE8 /* SADataManager.m in Sources */ = {isa = PBXBuildFile; fileRef = CCA0F19E1E5466640027FAE8 /* SADataManager.m */; };
		CCA0F1A21E5466770027FAE8 /* SADataSource.m in Sources */ = {isa = PBXBuildFile; fileRef = CCA0F1A11E5466770027FAE8 /* SADataSource.m */; };
		CCD105E21E56FF18008EA9CA /* SingleCollectionReusableView.m in Sources */ = {isa = PBXBuildFile; fileRef = CCD105E11E56FF18008EA9CA /* SingleCollectionReusableView.m */; };
		CCD105E61E57080C008EA9CA /* UILabel+UILabel___Height.m in Sources */ = {isa = PBXBuildFile; fileRef = CCD105E51E57080C008EA9CA /* UILabel+UILabel___Height.m */; };
		CCF3B6071E65688D007C598D /* Model.xcdatamodeld in Sources */ = {isa = PBXBuildFile; fileRef = CCF3B6051E65688C007C598D /* Model.xcdatamodeld */; };
		CCF3B6A01E65844F007C598D /* SingleCellModell.m in Sources */ = {isa = PBXBuildFile; fileRef = CCF3B69F1E65844F007C598D /* SingleCellModell.m */; };
		F80CC086BD04B2B057CC2904 /* libPods-TestView.a in Frameworks */ = {isa = PBXBuildFile; fileRef = 5837689D8A04EB4BE67B5396 /* libPods-TestView.a */; };
/* End PBXBuildFile section */

/* Begin PBXFileReference section */
		5837689D8A04EB4BE67B5396 /* libPods-TestView.a */ = {isa = PBXFileReference; explicitFileType = archive.ar; includeInIndex = 0; path = "libPods-TestView.a"; sourceTree = BUILT_PRODUCTS_DIR; };
		B48C67D383981754C3066C64 /* Pods-TestView.debug.xcconfig */ = {isa = PBXFileReference; includeInIndex = 1; lastKnownFileType = text.xcconfig; name = "Pods-TestView.debug.xcconfig"; path = "Pods/Target Support Files/Pods-TestView/Pods-TestView.debug.xcconfig"; sourceTree = "<group>"; };
		CC1042D51E5EEE2500AA4420 /* SlideMenuViewController.h */ = {isa = PBXFileReference; fileEncoding = 4; lastKnownFileType = sourcecode.c.h; path = SlideMenuViewController.h; sourceTree = "<group>"; };
		CC1042D61E5EEE2500AA4420 /* SlideMenuViewController.m */ = {isa = PBXFileReference; fileEncoding = 4; lastKnownFileType = sourcecode.c.objc; path = SlideMenuViewController.m; sourceTree = "<group>"; };
		CC1042DA1E5F0A9800AA4420 /* MapKit.framework */ = {isa = PBXFileReference; lastKnownFileType = wrapper.framework; name = MapKit.framework; path = System/Library/Frameworks/MapKit.framework; sourceTree = SDKROOT; };
		CC1042DC1E5F0AC500AA4420 /* MapViewController.h */ = {isa = PBXFileReference; fileEncoding = 4; lastKnownFileType = sourcecode.c.h; path = MapViewController.h; sourceTree = "<group>"; };
		CC1042DD1E5F0AC500AA4420 /* MapViewController.m */ = {isa = PBXFileReference; fileEncoding = 4; lastKnownFileType = sourcecode.c.objc; path = MapViewController.m; sourceTree = "<group>"; };
		CC1042DF1E5F187000AA4420 /* ShopOnMapModell.h */ = {isa = PBXFileReference; fileEncoding = 4; lastKnownFileType = sourcecode.c.h; path = ShopOnMapModell.h; sourceTree = "<group>"; };
		CC1042E01E5F187100AA4420 /* ShopOnMapModell.m */ = {isa = PBXFileReference; fileEncoding = 4; lastKnownFileType = sourcecode.c.objc; path = ShopOnMapModell.m; sourceTree = "<group>"; };
		CC1042E21E5F321900AA4420 /* CoreLocation.framework */ = {isa = PBXFileReference; lastKnownFileType = wrapper.framework; name = CoreLocation.framework; path = System/Library/Frameworks/CoreLocation.framework; sourceTree = SDKROOT; };
		CC1042F81E60687C00AA4420 /* SearchPopupViewController.h */ = {isa = PBXFileReference; fileEncoding = 4; lastKnownFileType = sourcecode.c.h; path = SearchPopupViewController.h; sourceTree = "<group>"; };
		CC1042F91E60687C00AA4420 /* SearchPopupViewController.m */ = {isa = PBXFileReference; fileEncoding = 4; lastKnownFileType = sourcecode.c.objc; path = SearchPopupViewController.m; sourceTree = "<group>"; };
		CC1042FB1E60795700AA4420 /* SearchPassion.h */ = {isa = PBXFileReference; fileEncoding = 4; lastKnownFileType = sourcecode.c.h; path = SearchPassion.h; sourceTree = "<group>"; };
		CC1042FC1E60795700AA4420 /* SearchPassion.m */ = {isa = PBXFileReference; fileEncoding = 4; lastKnownFileType = sourcecode.c.objc; path = SearchPassion.m; sourceTree = "<group>"; };
		CC14DADA1E534AFD005B8B2E /* IntrosTableViewCell.h */ = {isa = PBXFileReference; fileEncoding = 4; lastKnownFileType = sourcecode.c.h; path = IntrosTableViewCell.h; sourceTree = "<group>"; };
		CC14DADB1E534AFD005B8B2E /* IntrosTableViewCell.m */ = {isa = PBXFileReference; fileEncoding = 4; lastKnownFileType = sourcecode.c.objc; path = IntrosTableViewCell.m; sourceTree = "<group>"; };
		CC14DADD1E534B12005B8B2E /* IntrosCellModel.h */ = {isa = PBXFileReference; fileEncoding = 4; lastKnownFileType = sourcecode.c.h; path = IntrosCellModel.h; sourceTree = "<group>"; };
		CC14DADE1E534B12005B8B2E /* IntrosCellModel.m */ = {isa = PBXFileReference; fileEncoding = 4; lastKnownFileType = sourcecode.c.objc; path = IntrosCellModel.m; sourceTree = "<group>"; };
		CC14DAE01E534F64005B8B2E /* SingleCollectionViewCell.h */ = {isa = PBXFileReference; fileEncoding = 4; lastKnownFileType = sourcecode.c.h; path = SingleCollectionViewCell.h; sourceTree = "<group>"; };
		CC14DAE11E534F64005B8B2E /* SingleCollectionViewCell.m */ = {isa = PBXFileReference; fileEncoding = 4; lastKnownFileType = sourcecode.c.objc; path = SingleCollectionViewCell.m; sourceTree = "<group>"; };
		CC14DAE61E5443CD005B8B2E /* MatchesCellModel.h */ = {isa = PBXFileReference; fileEncoding = 4; lastKnownFileType = sourcecode.c.h; path = MatchesCellModel.h; sourceTree = "<group>"; };
		CC14DAE71E5443CD005B8B2E /* MatchesCellModel.m */ = {isa = PBXFileReference; fileEncoding = 4; lastKnownFileType = sourcecode.c.objc; path = MatchesCellModel.m; sourceTree = "<group>"; };
		CC14DAE91E5443F8005B8B2E /* MatchesTableViewCell.h */ = {isa = PBXFileReference; fileEncoding = 4; lastKnownFileType = sourcecode.c.h; path = MatchesTableViewCell.h; sourceTree = "<group>"; };
		CC14DAEA1E5443F8005B8B2E /* MatchesTableViewCell.m */ = {isa = PBXFileReference; fileEncoding = 4; lastKnownFileType = sourcecode.c.objc; path = MatchesTableViewCell.m; sourceTree = "<group>"; };
		CC1649AC1E4C663200494989 /* TestView.app */ = {isa = PBXFileReference; explicitFileType = wrapper.application; includeInIndex = 0; path = TestView.app; sourceTree = BUILT_PRODUCTS_DIR; };
		CC1649B01E4C663200494989 /* main.m */ = {isa = PBXFileReference; lastKnownFileType = sourcecode.c.objc; path = main.m; sourceTree = "<group>"; };
		CC1649B21E4C663200494989 /* AppDelegate.h */ = {isa = PBXFileReference; lastKnownFileType = sourcecode.c.h; path = AppDelegate.h; sourceTree = "<group>"; };
		CC1649B31E4C663200494989 /* AppDelegate.m */ = {isa = PBXFileReference; lastKnownFileType = sourcecode.c.objc; path = AppDelegate.m; sourceTree = "<group>"; };
		CC1649B91E4C663200494989 /* Base */ = {isa = PBXFileReference; lastKnownFileType = file.storyboard; name = Base; path = Base.lproj/Main.storyboard; sourceTree = "<group>"; };
		CC1649BB1E4C663200494989 /* Assets.xcassets */ = {isa = PBXFileReference; lastKnownFileType = folder.assetcatalog; path = Assets.xcassets; sourceTree = "<group>"; };
		CC1649BE1E4C663200494989 /* Base */ = {isa = PBXFileReference; lastKnownFileType = file.storyboard; name = Base; path = Base.lproj/LaunchScreen.storyboard; sourceTree = "<group>"; };
		CC1649C01E4C663200494989 /* Info.plist */ = {isa = PBXFileReference; lastKnownFileType = text.plist.xml; path = Info.plist; sourceTree = "<group>"; };
		CC7BC06C1E683DBB0054F2E9 /* Constants.h */ = {isa = PBXFileReference; fileEncoding = 4; lastKnownFileType = sourcecode.c.h; path = Constants.h; sourceTree = "<group>"; };
		CC7BC06D1E683DBB0054F2E9 /* Constants.m */ = {isa = PBXFileReference; fileEncoding = 4; lastKnownFileType = sourcecode.c.objc; path = Constants.m; sourceTree = "<group>"; };
		CC7E39E61E4CB582003D2B0D /* FeedbackViewController.h */ = {isa = PBXFileReference; fileEncoding = 4; lastKnownFileType = sourcecode.c.h; path = FeedbackViewController.h; sourceTree = "<group>"; };
		CC7E39E71E4CB582003D2B0D /* FeedbackViewController.m */ = {isa = PBXFileReference; fileEncoding = 4; lastKnownFileType = sourcecode.c.objc; path = FeedbackViewController.m; sourceTree = "<group>"; };
		CC8649421E4DCB48008F671B /* PeoplesViewController.h */ = {isa = PBXFileReference; fileEncoding = 4; lastKnownFileType = sourcecode.c.h; path = PeoplesViewController.h; sourceTree = "<group>"; };
		CC8649431E4DCB48008F671B /* PeoplesViewController.m */ = {isa = PBXFileReference; fileEncoding = 4; lastKnownFileType = sourcecode.c.objc; path = PeoplesViewController.m; sourceTree = "<group>"; };
		CC8649511E51A217008F671B /* SinglesCollectionViewController.h */ = {isa = PBXFileReference; fileEncoding = 4; lastKnownFileType = sourcecode.c.h; path = SinglesCollectionViewController.h; sourceTree = "<group>"; };
		CC8649521E51A217008F671B /* SinglesCollectionViewController.m */ = {isa = PBXFileReference; fileEncoding = 4; lastKnownFileType = sourcecode.c.objc; path = SinglesCollectionViewController.m; sourceTree = "<group>"; };
		CC8649541E51A23E008F671B /* IntrosTableViewController.h */ = {isa = PBXFileReference; fileEncoding = 4; lastKnownFileType = sourcecode.c.h; path = IntrosTableViewController.h; sourceTree = "<group>"; };
		CC8649551E51A23E008F671B /* IntrosTableViewController.m */ = {isa = PBXFileReference; fileEncoding = 4; lastKnownFileType = sourcecode.c.objc; path = IntrosTableViewController.m; sourceTree = "<group>"; };
		CC8649571E51A251008F671B /* MatchesTableViewController.h */ = {isa = PBXFileReference; fileEncoding = 4; lastKnownFileType = sourcecode.c.h; path = MatchesTableViewController.h; sourceTree = "<group>"; };
		CC8649581E51A251008F671B /* MatchesTableViewController.m */ = {isa = PBXFileReference; fileEncoding = 4; lastKnownFileType = sourcecode.c.objc; path = MatchesTableViewController.m; sourceTree = "<group>"; };
		CC8AC6581E64401A00FE7856 /* SearchedProducts.h */ = {isa = PBXFileReference; fileEncoding = 4; lastKnownFileType = sourcecode.c.h; path = SearchedProducts.h; sourceTree = "<group>"; };
		CC8AC6591E64401A00FE7856 /* SearchedProducts.m */ = {isa = PBXFileReference; fileEncoding = 4; lastKnownFileType = sourcecode.c.objc; path = SearchedProducts.m; sourceTree = "<group>"; };
		CC8AC65E1E64647D00FE7856 /* SearchedShops.h */ = {isa = PBXFileReference; fileEncoding = 4; lastKnownFileType = sourcecode.c.h; path = SearchedShops.h; sourceTree = "<group>"; };
		CC8AC65F1E64647D00FE7856 /* SearchedShops.m */ = {isa = PBXFileReference; fileEncoding = 4; lastKnownFileType = sourcecode.c.objc; path = SearchedShops.m; sourceTree = "<group>"; };
		CCA0F19A1E5466510027FAE8 /* SANetworkManager.h */ = {isa = PBXFileReference; fileEncoding = 4; lastKnownFileType = sourcecode.c.h; path = SANetworkManager.h; sourceTree = "<group>"; };
		CCA0F19B1E5466510027FAE8 /* SANetworkManager.m */ = {isa = PBXFileReference; fileEncoding = 4; lastKnownFileType = sourcecode.c.objc; path = SANetworkManager.m; sourceTree = "<group>"; };
		CCA0F19D1E5466640027FAE8 /* SADataManager.h */ = {isa = PBXFileReference; fileEncoding = 4; lastKnownFileType = sourcecode.c.h; path = SADataManager.h; sourceTree = "<group>"; };
		CCA0F19E1E5466640027FAE8 /* SADataManager.m */ = {isa = PBXFileReference; fileEncoding = 4; lastKnownFileType = sourcecode.c.objc; path = SADataManager.m; sourceTree = "<group>"; };
		CCA0F1A01E5466770027FAE8 /* SADataSource.h */ = {isa = PBXFileReference; fileEncoding = 4; lastKnownFileType = sourcecode.c.h; path = SADataSource.h; sourceTree = "<group>"; };
		CCA0F1A11E5466770027FAE8 /* SADataSource.m */ = {isa = PBXFileReference; fileEncoding = 4; lastKnownFileType = sourcecode.c.objc; path = SADataSource.m; sourceTree = "<group>"; };
		CCD105E01E56FF18008EA9CA /* SingleCollectionReusableView.h */ = {isa = PBXFileReference; fileEncoding = 4; lastKnownFileType = sourcecode.c.h; path = SingleCollectionReusableView.h; sourceTree = "<group>"; };
		CCD105E11E56FF18008EA9CA /* SingleCollectionReusableView.m */ = {isa = PBXFileReference; fileEncoding = 4; lastKnownFileType = sourcecode.c.objc; path = SingleCollectionReusableView.m; sourceTree = "<group>"; };
		CCD105E41E57080C008EA9CA /* UILabel+UILabel___Height.h */ = {isa = PBXFileReference; fileEncoding = 4; lastKnownFileType = sourcecode.c.h; path = "UILabel+UILabel___Height.h"; sourceTree = "<group>"; };
		CCD105E51E57080C008EA9CA /* UILabel+UILabel___Height.m */ = {isa = PBXFileReference; fileEncoding = 4; lastKnownFileType = sourcecode.c.objc; path = "UILabel+UILabel___Height.m"; sourceTree = "<group>"; };
		CCF3B6041E65656C007C598D /* PrefixHeader.pch */ = {isa = PBXFileReference; lastKnownFileType = sourcecode.c.h; name = PrefixHeader.pch; path = TestView/PrefixHeader.pch; sourceTree = "<group>"; };
		CCF3B6061E65688D007C598D /* Model.xcdatamodel */ = {isa = PBXFileReference; lastKnownFileType = wrapper.xcdatamodel; path = Model.xcdatamodel; sourceTree = "<group>"; };
		CCF3B69E1E65844F007C598D /* SingleCellModell.h */ = {isa = PBXFileReference; fileEncoding = 4; lastKnownFileType = sourcecode.c.h; path = SingleCellModell.h; sourceTree = "<group>"; };
		CCF3B69F1E65844F007C598D /* SingleCellModell.m */ = {isa = PBXFileReference; fileEncoding = 4; lastKnownFileType = sourcecode.c.objc; path = SingleCellModell.m; sourceTree = "<group>"; };
		CCF4649B1E66C63100DB9605 /* TestView.entitlements */ = {isa = PBXFileReference; lastKnownFileType = text.plist.entitlements; path = TestView.entitlements; sourceTree = "<group>"; };
		E5D064CBE8CF03A6A03F0D01 /* Pods-TestView.release.xcconfig */ = {isa = PBXFileReference; includeInIndex = 1; lastKnownFileType = text.xcconfig; name = "Pods-TestView.release.xcconfig"; path = "Pods/Target Support Files/Pods-TestView/Pods-TestView.release.xcconfig"; sourceTree = "<group>"; };
/* End PBXFileReference section */

/* Begin PBXFrameworksBuildPhase section */
		CC1649A91E4C663100494989 /* Frameworks */ = {
			isa = PBXFrameworksBuildPhase;
			buildActionMask = 2147483647;
			files = (
				CC1042E31E5F321900AA4420 /* CoreLocation.framework in Frameworks */,
				CC1042DB1E5F0A9800AA4420 /* MapKit.framework in Frameworks */,
				F80CC086BD04B2B057CC2904 /* libPods-TestView.a in Frameworks */,
			);
			runOnlyForDeploymentPostprocessing = 0;
		};
/* End PBXFrameworksBuildPhase section */

/* Begin PBXGroup section */
		A4C3B3EA923A4957AF6736A9 /* Pods */ = {
			isa = PBXGroup;
			children = (
				B48C67D383981754C3066C64 /* Pods-TestView.debug.xcconfig */,
				E5D064CBE8CF03A6A03F0D01 /* Pods-TestView.release.xcconfig */,
			);
			name = Pods;
			sourceTree = "<group>";
		};
		CC1042E41E5F374500AA4420 /* Map */ = {
			isa = PBXGroup;
			children = (
				CC1042DC1E5F0AC500AA4420 /* MapViewController.h */,
				CC1042DD1E5F0AC500AA4420 /* MapViewController.m */,
				CC1042DF1E5F187000AA4420 /* ShopOnMapModell.h */,
				CC1042E01E5F187100AA4420 /* ShopOnMapModell.m */,
			);
			name = Map;
			sourceTree = "<group>";
		};
		CC1042F71E60685700AA4420 /* Search */ = {
			isa = PBXGroup;
			children = (
				CC1042F81E60687C00AA4420 /* SearchPopupViewController.h */,
				CC1042F91E60687C00AA4420 /* SearchPopupViewController.m */,
				CC1042FB1E60795700AA4420 /* SearchPassion.h */,
				CC1042FC1E60795700AA4420 /* SearchPassion.m */,
				CC8AC6581E64401A00FE7856 /* SearchedProducts.h */,
				CC8AC6591E64401A00FE7856 /* SearchedProducts.m */,
				CC8AC65E1E64647D00FE7856 /* SearchedShops.h */,
				CC8AC65F1E64647D00FE7856 /* SearchedShops.m */,
			);
			name = Search;
			sourceTree = "<group>";
		};
		CC1649A31E4C663100494989 = {
			isa = PBXGroup;
			children = (
				CCF3B6041E65656C007C598D /* PrefixHeader.pch */,
				CCD105E31E5707E4008EA9CA /* Category */,
				CC1649AE1E4C663200494989 /* TestView */,
				CC1649AD1E4C663200494989 /* Products */,
				A4C3B3EA923A4957AF6736A9 /* Pods */,
				EAAECD6C7D99D43028C7B19E /* Frameworks */,
			);
			sourceTree = "<group>";
		};
		CC1649AD1E4C663200494989 /* Products */ = {
			isa = PBXGroup;
			children = (
				CC1649AC1E4C663200494989 /* TestView.app */,
			);
			name = Products;
			sourceTree = "<group>";
		};
		CC1649AE1E4C663200494989 /* TestView */ = {
			isa = PBXGroup;
			children = (
				CCF4649B1E66C63100DB9605 /* TestView.entitlements */,
				CC7BC06C1E683DBB0054F2E9 /* Constants.h */,
				CC7BC06D1E683DBB0054F2E9 /* Constants.m */,
				CC1649B21E4C663200494989 /* AppDelegate.h */,
				CC1649B31E4C663200494989 /* AppDelegate.m */,
				CC1649B81E4C663200494989 /* Main.storyboard */,
				CC8649451E4DD294008F671B /* Feedback */,
				CC8649461E4DD2A3008F671B /* Peoples */,
				CCA0F1991E5466190027FAE8 /* Data */,
				CCF3B6081E656B6A007C598D /* CoreData */,
				CC1649AF1E4C663200494989 /* Supporting Files */,
				CC1649BB1E4C663200494989 /* Assets.xcassets */,
				CC1649BD1E4C663200494989 /* LaunchScreen.storyboard */,
				CC1649C01E4C663200494989 /* Info.plist */,
			);
			path = TestView;
			sourceTree = "<group>";
		};
		CC1649AF1E4C663200494989 /* Supporting Files */ = {
			isa = PBXGroup;
			children = (
				CC1649B01E4C663200494989 /* main.m */,
			);
			name = "Supporting Files";
			sourceTree = "<group>";
		};
		CC8649451E4DD294008F671B /* Feedback */ = {
			isa = PBXGroup;
			children = (
				CC7E39E61E4CB582003D2B0D /* FeedbackViewController.h */,
				CC7E39E71E4CB582003D2B0D /* FeedbackViewController.m */,
			);
			name = Feedback;
			sourceTree = "<group>";
		};
		CC8649461E4DD2A3008F671B /* Peoples */ = {
			isa = PBXGroup;
			children = (
				CC8649421E4DCB48008F671B /* PeoplesViewController.h */,
				CC8649431E4DCB48008F671B /* PeoplesViewController.m */,
				CC1042D51E5EEE2500AA4420 /* SlideMenuViewController.h */,
				CC1042D61E5EEE2500AA4420 /* SlideMenuViewController.m */,
				CC1042F71E60685700AA4420 /* Search */,
				CC1042E41E5F374500AA4420 /* Map */,
				CC86495A1E51BA00008F671B /* Singles */,
				CC86495B1E51BA10008F671B /* Intros */,
				CC86495C1E51BA1D008F671B /* Matches */,
			);
			name = Peoples;
			sourceTree = "<group>";
		};
		CC86495A1E51BA00008F671B /* Singles */ = {
			isa = PBXGroup;
			children = (
				CC8649511E51A217008F671B /* SinglesCollectionViewController.h */,
				CC8649521E51A217008F671B /* SinglesCollectionViewController.m */,
				CC14DAE01E534F64005B8B2E /* SingleCollectionViewCell.h */,
				CC14DAE11E534F64005B8B2E /* SingleCollectionViewCell.m */,
				CCD105E01E56FF18008EA9CA /* SingleCollectionReusableView.h */,
				CCD105E11E56FF18008EA9CA /* SingleCollectionReusableView.m */,
				CCF3B69E1E65844F007C598D /* SingleCellModell.h */,
				CCF3B69F1E65844F007C598D /* SingleCellModell.m */,
			);
			name = Singles;
			sourceTree = "<group>";
		};
		CC86495B1E51BA10008F671B /* Intros */ = {
			isa = PBXGroup;
			children = (
				CC8649541E51A23E008F671B /* IntrosTableViewController.h */,
				CC8649551E51A23E008F671B /* IntrosTableViewController.m */,
				CC14DADA1E534AFD005B8B2E /* IntrosTableViewCell.h */,
				CC14DADB1E534AFD005B8B2E /* IntrosTableViewCell.m */,
				CC14DADD1E534B12005B8B2E /* IntrosCellModel.h */,
				CC14DADE1E534B12005B8B2E /* IntrosCellModel.m */,
			);
			name = Intros;
			sourceTree = "<group>";
		};
		CC86495C1E51BA1D008F671B /* Matches */ = {
			isa = PBXGroup;
			children = (
				CC8649571E51A251008F671B /* MatchesTableViewController.h */,
				CC8649581E51A251008F671B /* MatchesTableViewController.m */,
				CC14DAE91E5443F8005B8B2E /* MatchesTableViewCell.h */,
				CC14DAEA1E5443F8005B8B2E /* MatchesTableViewCell.m */,
				CC14DAE61E5443CD005B8B2E /* MatchesCellModel.h */,
				CC14DAE71E5443CD005B8B2E /* MatchesCellModel.m */,
			);
			name = Matches;
			sourceTree = "<group>";
		};
		CCA0F1991E5466190027FAE8 /* Data */ = {
			isa = PBXGroup;
			children = (
				CCA0F19D1E5466640027FAE8 /* SADataManager.h */,
				CCA0F19E1E5466640027FAE8 /* SADataManager.m */,
				CCA0F19A1E5466510027FAE8 /* SANetworkManager.h */,
				CCA0F19B1E5466510027FAE8 /* SANetworkManager.m */,
				CCA0F1A01E5466770027FAE8 /* SADataSource.h */,
				CCA0F1A11E5466770027FAE8 /* SADataSource.m */,
			);
			name = Data;
			sourceTree = "<group>";
		};
		CCD105E31E5707E4008EA9CA /* Category */ = {
			isa = PBXGroup;
			children = (
				CCD105E41E57080C008EA9CA /* UILabel+UILabel___Height.h */,
				CCD105E51E57080C008EA9CA /* UILabel+UILabel___Height.m */,
			);
			name = Category;
			sourceTree = "<group>";
		};
		CCF3B6081E656B6A007C598D /* CoreData */ = {
			isa = PBXGroup;
			children = (
				CCF3B6051E65688C007C598D /* Model.xcdatamodeld */,
			);
			name = CoreData;
			path = ..;
			sourceTree = "<group>";
		};
		EAAECD6C7D99D43028C7B19E /* Frameworks */ = {
			isa = PBXGroup;
			children = (
				CC1042E21E5F321900AA4420 /* CoreLocation.framework */,
				CC1042DA1E5F0A9800AA4420 /* MapKit.framework */,
				5837689D8A04EB4BE67B5396 /* libPods-TestView.a */,
			);
			name = Frameworks;
			sourceTree = "<group>";
		};
/* End PBXGroup section */

/* Begin PBXNativeTarget section */
		CC1649AB1E4C663100494989 /* TestView */ = {
			isa = PBXNativeTarget;
			buildConfigurationList = CC1649C31E4C663300494989 /* Build configuration list for PBXNativeTarget "TestView" */;
			buildPhases = (
				C325E8638D9A7F9C04743244 /* [CP] Check Pods Manifest.lock */,
				CC1649A81E4C663100494989 /* Sources */,
				CC1649A91E4C663100494989 /* Frameworks */,
				CC1649AA1E4C663100494989 /* Resources */,
				BF34A37C23DF6DCC54A5A737 /* [CP] Embed Pods Frameworks */,
				0D84757A2C63CC0413B074EC /* [CP] Copy Pods Resources */,
			);
			buildRules = (
			);
			dependencies = (
			);
			name = TestView;
			productName = TestView;
			productReference = CC1649AC1E4C663200494989 /* TestView.app */;
			productType = "com.apple.product-type.application";
		};
/* End PBXNativeTarget section */

/* Begin PBXProject section */
		CC1649A41E4C663100494989 /* Project object */ = {
			isa = PBXProject;
			attributes = {
				LastUpgradeCheck = 0820;
				ORGANIZATIONNAME = "Roman Vintish";
				TargetAttributes = {
					CC1649AB1E4C663100494989 = {
						CreatedOnToolsVersion = 8.2.1;
						DevelopmentTeam = GFDYH7ZFV6;
						LastSwiftMigration = 0820;
						ProvisioningStyle = Automatic;
						SystemCapabilities = {
							com.apple.BackgroundModes = {
								enabled = 1;
							};
							com.apple.Push = {
								enabled = 1;
							};
						};
					};
				};
			};
			buildConfigurationList = CC1649A71E4C663100494989 /* Build configuration list for PBXProject "TestView" */;
			compatibilityVersion = "Xcode 3.2";
			developmentRegion = English;
			hasScannedForEncodings = 0;
			knownRegions = (
				en,
				Base,
			);
			mainGroup = CC1649A31E4C663100494989;
			productRefGroup = CC1649AD1E4C663200494989 /* Products */;
			projectDirPath = "";
			projectRoot = "";
			targets = (
				CC1649AB1E4C663100494989 /* TestView */,
			);
		};
/* End PBXProject section */

/* Begin PBXResourcesBuildPhase section */
		CC1649AA1E4C663100494989 /* Resources */ = {
			isa = PBXResourcesBuildPhase;
			buildActionMask = 2147483647;
			files = (
				CC1649BF1E4C663200494989 /* LaunchScreen.storyboard in Resources */,
				CC1649BC1E4C663200494989 /* Assets.xcassets in Resources */,
				CC1649BA1E4C663200494989 /* Main.storyboard in Resources */,
			);
			runOnlyForDeploymentPostprocessing = 0;
		};
/* End PBXResourcesBuildPhase section */

/* Begin PBXShellScriptBuildPhase section */
		0D84757A2C63CC0413B074EC /* [CP] Copy Pods Resources */ = {
			isa = PBXShellScriptBuildPhase;
			buildActionMask = 2147483647;
			files = (
			);
			inputPaths = (
			);
			name = "[CP] Copy Pods Resources";
			outputPaths = (
			);
			runOnlyForDeploymentPostprocessing = 0;
			shellPath = /bin/sh;
			shellScript = "\"${SRCROOT}/Pods/Target Support Files/Pods-TestView/Pods-TestView-resources.sh\"\n";
			showEnvVarsInLog = 0;
		};
		BF34A37C23DF6DCC54A5A737 /* [CP] Embed Pods Frameworks */ = {
			isa = PBXShellScriptBuildPhase;
			buildActionMask = 2147483647;
			files = (
			);
			inputPaths = (
			);
			name = "[CP] Embed Pods Frameworks";
			outputPaths = (
			);
			runOnlyForDeploymentPostprocessing = 0;
			shellPath = /bin/sh;
			shellScript = "\"${SRCROOT}/Pods/Target Support Files/Pods-TestView/Pods-TestView-frameworks.sh\"\n";
			showEnvVarsInLog = 0;
		};
		C325E8638D9A7F9C04743244 /* [CP] Check Pods Manifest.lock */ = {
			isa = PBXShellScriptBuildPhase;
			buildActionMask = 2147483647;
			files = (
			);
			inputPaths = (
			);
			name = "[CP] Check Pods Manifest.lock";
			outputPaths = (
			);
			runOnlyForDeploymentPostprocessing = 0;
			shellPath = /bin/sh;
			shellScript = "diff \"${PODS_ROOT}/../Podfile.lock\" \"${PODS_ROOT}/Manifest.lock\" > /dev/null\nif [ $? != 0 ] ; then\n    # print error to STDERR\n    echo \"error: The sandbox is not in sync with the Podfile.lock. Run 'pod install' or update your CocoaPods installation.\" >&2\n    exit 1\nfi\n";
			showEnvVarsInLog = 0;
		};
/* End PBXShellScriptBuildPhase section */

/* Begin PBXSourcesBuildPhase section */
		CC1649A81E4C663100494989 /* Sources */ = {
			isa = PBXSourcesBuildPhase;
			buildActionMask = 2147483647;
			files = (
				CC8AC65A1E64401B00FE7856 /* SearchedProducts.m in Sources */,
				CCA0F19C1E5466510027FAE8 /* SANetworkManager.m in Sources */,
				CCD105E21E56FF18008EA9CA /* SingleCollectionReusableView.m in Sources */,
				CC14DADC1E534AFD005B8B2E /* IntrosTableViewCell.m in Sources */,
				CC8649531E51A217008F671B /* SinglesCollectionViewController.m in Sources */,
				CC1649B41E4C663200494989 /* AppDelegate.m in Sources */,
				CC8649561E51A23E008F671B /* IntrosTableViewController.m in Sources */,
				CC8649591E51A251008F671B /* MatchesTableViewController.m in Sources */,
				CCF3B6A01E65844F007C598D /* SingleCellModell.m in Sources */,
				CC1042DE1E5F0AC500AA4420 /* MapViewController.m in Sources */,
				CC8649441E4DCB48008F671B /* PeoplesViewController.m in Sources */,
				CC1649B11E4C663200494989 /* main.m in Sources */,
				CCF3B6071E65688D007C598D /* Model.xcdatamodeld in Sources */,
				CCA0F1A21E5466770027FAE8 /* SADataSource.m in Sources */,
				CCD105E61E57080C008EA9CA /* UILabel+UILabel___Height.m in Sources */,
				CC14DADF1E534B12005B8B2E /* IntrosCellModel.m in Sources */,
				CC14DAE21E534F64005B8B2E /* SingleCollectionViewCell.m in Sources */,
				CC7E39E81E4CB582003D2B0D /* FeedbackViewController.m in Sources */,
				CC1042D71E5EEE2500AA4420 /* SlideMenuViewController.m in Sources */,
				CC14DAEB1E5443F8005B8B2E /* MatchesTableViewCell.m in Sources */,
				CCA0F19F1E5466640027FAE8 /* SADataManager.m in Sources */,
				CC1042E11E5F187100AA4420 /* ShopOnMapModell.m in Sources */,
				CC14DAE81E5443CD005B8B2E /* MatchesCellModel.m in Sources */,
				CC1042FA1E60687C00AA4420 /* SearchPopupViewController.m in Sources */,
				CC1042FD1E60795700AA4420 /* SearchPassion.m in Sources */,
				CC8AC6601E64647D00FE7856 /* SearchedShops.m in Sources */,
				CC7BC06E1E683DBB0054F2E9 /* Constants.m in Sources */,
			);
			runOnlyForDeploymentPostprocessing = 0;
		};
/* End PBXSourcesBuildPhase section */

/* Begin PBXVariantGroup section */
		CC1649B81E4C663200494989 /* Main.storyboard */ = {
			isa = PBXVariantGroup;
			children = (
				CC1649B91E4C663200494989 /* Base */,
			);
			name = Main.storyboard;
			sourceTree = "<group>";
		};
		CC1649BD1E4C663200494989 /* LaunchScreen.storyboard */ = {
			isa = PBXVariantGroup;
			children = (
				CC1649BE1E4C663200494989 /* Base */,
			);
			name = LaunchScreen.storyboard;
			sourceTree = "<group>";
		};
/* End PBXVariantGroup section */

/* Begin XCBuildConfiguration section */
		CC1649C11E4C663300494989 /* Debug */ = {
			isa = XCBuildConfiguration;
			buildSettings = {
				ALWAYS_SEARCH_USER_PATHS = NO;
				CLANG_ANALYZER_NONNULL = YES;
				CLANG_CXX_LANGUAGE_STANDARD = "gnu++0x";
				CLANG_CXX_LIBRARY = "libc++";
				CLANG_ENABLE_MODULES = YES;
				CLANG_ENABLE_OBJC_ARC = YES;
				CLANG_WARN_BOOL_CONVERSION = YES;
				CLANG_WARN_CONSTANT_CONVERSION = YES;
				CLANG_WARN_DIRECT_OBJC_ISA_USAGE = YES_ERROR;
				CLANG_WARN_DOCUMENTATION_COMMENTS = YES;
				CLANG_WARN_EMPTY_BODY = YES;
				CLANG_WARN_ENUM_CONVERSION = YES;
				CLANG_WARN_INFINITE_RECURSION = YES;
				CLANG_WARN_INT_CONVERSION = YES;
				CLANG_WARN_OBJC_ROOT_CLASS = YES_ERROR;
				CLANG_WARN_SUSPICIOUS_MOVE = YES;
				CLANG_WARN_UNREACHABLE_CODE = YES;
				CLANG_WARN__DUPLICATE_METHOD_MATCH = YES;
				"CODE_SIGN_IDENTITY[sdk=iphoneos*]" = "iPhone Developer";
				COPY_PHASE_STRIP = NO;
				DEBUG_INFORMATION_FORMAT = dwarf;
				ENABLE_STRICT_OBJC_MSGSEND = YES;
				ENABLE_TESTABILITY = YES;
				GCC_C_LANGUAGE_STANDARD = gnu99;
				GCC_DYNAMIC_NO_PIC = NO;
				GCC_NO_COMMON_BLOCKS = YES;
				GCC_OPTIMIZATION_LEVEL = 0;
				GCC_PRECOMPILE_PREFIX_HEADER = YES;
				GCC_PREFIX_HEADER = "$(SRCROOT)/TestView/PrefixHeader.pch";
				GCC_PREPROCESSOR_DEFINITIONS = (
					"DEBUG=1",
					"$(inherited)",
				);
				GCC_WARN_64_TO_32_BIT_CONVERSION = YES;
				GCC_WARN_ABOUT_RETURN_TYPE = YES_ERROR;
				GCC_WARN_UNDECLARED_SELECTOR = YES;
				GCC_WARN_UNINITIALIZED_AUTOS = YES_AGGRESSIVE;
				GCC_WARN_UNUSED_FUNCTION = YES;
				GCC_WARN_UNUSED_VARIABLE = YES;
				IPHONEOS_DEPLOYMENT_TARGET = 10.2;
				MTL_ENABLE_DEBUG_INFO = YES;
				ONLY_ACTIVE_ARCH = YES;
				SDKROOT = iphoneos;
			};
			name = Debug;
		};
		CC1649C21E4C663300494989 /* Release */ = {
			isa = XCBuildConfiguration;
			buildSettings = {
				ALWAYS_SEARCH_USER_PATHS = NO;
				CLANG_ANALYZER_NONNULL = YES;
				CLANG_CXX_LANGUAGE_STANDARD = "gnu++0x";
				CLANG_CXX_LIBRARY = "libc++";
				CLANG_ENABLE_MODULES = YES;
				CLANG_ENABLE_OBJC_ARC = YES;
				CLANG_WARN_BOOL_CONVERSION = YES;
				CLANG_WARN_CONSTANT_CONVERSION = YES;
				CLANG_WARN_DIRECT_OBJC_ISA_USAGE = YES_ERROR;
				CLANG_WARN_DOCUMENTATION_COMMENTS = YES;
				CLANG_WARN_EMPTY_BODY = YES;
				CLANG_WARN_ENUM_CONVERSION = YES;
				CLANG_WARN_INFINITE_RECURSION = YES;
				CLANG_WARN_INT_CONVERSION = YES;
				CLANG_WARN_OBJC_ROOT_CLASS = YES_ERROR;
				CLANG_WARN_SUSPICIOUS_MOVE = YES;
				CLANG_WARN_UNREACHABLE_CODE = YES;
				CLANG_WARN__DUPLICATE_METHOD_MATCH = YES;
				"CODE_SIGN_IDENTITY[sdk=iphoneos*]" = "iPhone Developer";
				COPY_PHASE_STRIP = NO;
				DEBUG_INFORMATION_FORMAT = "dwarf-with-dsym";
				ENABLE_NS_ASSERTIONS = NO;
				ENABLE_STRICT_OBJC_MSGSEND = YES;
				GCC_C_LANGUAGE_STANDARD = gnu99;
				GCC_NO_COMMON_BLOCKS = YES;
				GCC_PRECOMPILE_PREFIX_HEADER = YES;
				GCC_PREFIX_HEADER = "$(SRCROOT)/TestView/PrefixHeader.pch";
				GCC_WARN_64_TO_32_BIT_CONVERSION = YES;
				GCC_WARN_ABOUT_RETURN_TYPE = YES_ERROR;
				GCC_WARN_UNDECLARED_SELECTOR = YES;
				GCC_WARN_UNINITIALIZED_AUTOS = YES_AGGRESSIVE;
				GCC_WARN_UNUSED_FUNCTION = YES;
				GCC_WARN_UNUSED_VARIABLE = YES;
				IPHONEOS_DEPLOYMENT_TARGET = 10.2;
				MTL_ENABLE_DEBUG_INFO = NO;
				SDKROOT = iphoneos;
				VALIDATE_PRODUCT = YES;
			};
			name = Release;
		};
		CC1649C41E4C663300494989 /* Debug */ = {
			isa = XCBuildConfiguration;
			baseConfigurationReference = B48C67D383981754C3066C64 /* Pods-TestView.debug.xcconfig */;
			buildSettings = {
				ASSETCATALOG_COMPILER_APPICON_NAME = AppIcon;
				CLANG_ENABLE_MODULES = YES;
				CODE_SIGN_ENTITLEMENTS = TestView/TestView.entitlements;
				"CODE_SIGN_IDENTITY[sdk=iphoneos*]" = "iPhone Developer";
				DEVELOPMENT_TEAM = GFDYH7ZFV6;
				INFOPLIST_FILE = TestView/Info.plist;
				LD_RUNPATH_SEARCH_PATHS = "$(inherited) @executable_path/Frameworks";
				PRODUCT_BUNDLE_IDENTIFIER = JW.test.cer;
				PRODUCT_NAME = "$(TARGET_NAME)";
				SWIFT_OBJC_BRIDGING_HEADER = "TestView-Bridging-Header.h";
				SWIFT_OPTIMIZATION_LEVEL = "-Onone";
				SWIFT_VERSION = 3.0;
			};
			name = Debug;
		};
		CC1649C51E4C663300494989 /* Release */ = {
			isa = XCBuildConfiguration;
			baseConfigurationReference = E5D064CBE8CF03A6A03F0D01 /* Pods-TestView.release.xcconfig */;
			buildSettings = {
				ASSETCATALOG_COMPILER_APPICON_NAME = AppIcon;
				CLANG_ENABLE_MODULES = YES;
				CODE_SIGN_ENTITLEMENTS = TestView/TestView.entitlements;
				"CODE_SIGN_IDENTITY[sdk=iphoneos*]" = "iPhone Developer";
				DEVELOPMENT_TEAM = GFDYH7ZFV6;
				INFOPLIST_FILE = TestView/Info.plist;
				LD_RUNPATH_SEARCH_PATHS = "$(inherited) @executable_path/Frameworks";
				PRODUCT_BUNDLE_IDENTIFIER = JW.test.cer;
				PRODUCT_NAME = "$(TARGET_NAME)";
				SWIFT_OBJC_BRIDGING_HEADER = "TestView-Bridging-Header.h";
				SWIFT_VERSION = 3.0;
			};
			name = Release;
		};
/* End XCBuildConfiguration section */

/* Begin XCConfigurationList section */
		CC1649A71E4C663100494989 /* Build configuration list for PBXProject "TestView" */ = {
			isa = XCConfigurationList;
			buildConfigurations = (
				CC1649C11E4C663300494989 /* Debug */,
				CC1649C21E4C663300494989 /* Release */,
			);
			defaultConfigurationIsVisible = 0;
			defaultConfigurationName = Release;
		};
		CC1649C31E4C663300494989 /* Build configuration list for PBXNativeTarget "TestView" */ = {
			isa = XCConfigurationList;
			buildConfigurations = (
				CC1649C41E4C663300494989 /* Debug */,
				CC1649C51E4C663300494989 /* Release */,
			);
			defaultConfigurationIsVisible = 0;
			defaultConfigurationName = Release;
		};
/* End XCConfigurationList section */

/* Begin XCVersionGroup section */
		CCF3B6051E65688C007C598D /* Model.xcdatamodeld */ = {
			isa = XCVersionGroup;
			children = (
				CCF3B6061E65688D007C598D /* Model.xcdatamodel */,
			);
			currentVersion = CCF3B6061E65688D007C598D /* Model.xcdatamodel */;
			name = Model.xcdatamodeld;
			path = TestView/Model.xcdatamodeld;
			sourceTree = "<group>";
			versionGroupType = wrapper.xcdatamodel;
		};
/* End XCVersionGroup section */
	};
	rootObject = CC1649A41E4C663100494989 /* Project object */;
}
